
Microsoft Visual Studio Solution File, Format Version 12.00
# Visual Studio Version 17
VisualStudioVersion = 17.11.34909.67
MinimumVisualStudioVersion = 10.0.40219.1
Project("{FAE04EC0-301F-11D3-BF4B-00C04F79EFBC}") = "AsianCountriesInfo.Server", "AsianCountriesInfo.Server\AsianCountriesInfo.Server.csproj", "{56A24648-5050-43CA-9FA3-F6B5268F9A58}"
EndProject
Project("{54A90642-561A-4BB1-A94E-469ADEE60C69}") = "asiancountriesinfo.client", "asiancountriesinfo.client\asiancountriesinfo.client.esproj", "{59EDA9F3-A41B-41E9-B219-C96DBADE7BE4}"
EndProject
Global
	GlobalSection(SolutionConfigurationPlatforms) = preSolution
		Debug|Any CPU = Debug|Any CPU
		Release|Any CPU = Release|Any CPU
	EndGlobalSection
	GlobalSection(ProjectConfigurationPlatforms) = postSolution
		{56A24648-5050-43CA-9FA3-F6B5268F9A58}.Debug|Any CPU.ActiveCfg = Debug|Any CPU
		{56A24648-5050-43CA-9FA3-F6B5268F9A58}.Debug|Any CPU.Build.0 = Debug|Any CPU
		{56A24648-5050-43CA-9FA3-F6B5268F9A58}.Release|Any CPU.ActiveCfg = Release|Any CPU
		{56A24648-5050-43CA-9FA3-F6B5268F9A58}.Release|Any CPU.Build.0 = Release|Any CPU
		{59EDA9F3-A41B-41E9-B219-C96DBADE7BE4}.Debug|Any CPU.ActiveCfg = Debug|Any CPU
		{59EDA9F3-A41B-41E9-B219-C96DBADE7BE4}.Debug|Any CPU.Build.0 = Debug|Any CPU
		{59EDA9F3-A41B-41E9-B219-C96DBADE7BE4}.Debug|Any CPU.Deploy.0 = Debug|Any CPU
		{59EDA9F3-A41B-41E9-B219-C96DBADE7BE4}.Release|Any CPU.ActiveCfg = Release|Any CPU
		{59EDA9F3-A41B-41E9-B219-C96DBADE7BE4}.Release|Any CPU.Build.0 = Release|Any CPU
		{59EDA9F3-A41B-41E9-B219-C96DBADE7BE4}.Release|Any CPU.Deploy.0 = Release|Any CPU
	EndGlobalSection
	GlobalSection(SolutionProperties) = preSolution
		HideSolutionNode = FALSE
	EndGlobalSection
	GlobalSection(ExtensibilityGlobals) = postSolution
		SolutionGuid = {15B676D3-7A69-4CE7-9AEE-E70B88390D7C}
	EndGlobalSection
EndGlobal
